
Microsoft Visual Studio Solution File, Format Version 12.00
# Visual Studio 15
VisualStudioVersion = 15.0.28307.421
MinimumVisualStudioVersion = 10.0.40219.1
Project("{FAE04EC0-301F-11D3-BF4B-00C04F79EFBC}") = "WebApi", "WebApi\WebApi.csproj", "{FCB7238B-EEA6-4F28-97BE-624E716F0EF5}"
EndProject
Project("{00D1A9C2-B5F0-4AF3-8072-F6C62B433612}") = "Database", "Database\Database.sqlproj", "{48233D73-B13C-4998-A047-9B9C98DA72ED}"
EndProject
Project("{FAE04EC0-301F-11D3-BF4B-00C04F79EFBC}") = "FrontEndMVC", "FrontEndMVC\FrontEndMVC.csproj", "{983F2B2F-DB21-43E8-B868-8B5BAB8F4346}"
EndProject
Global
	GlobalSection(SolutionConfigurationPlatforms) = preSolution
		Debug|Any CPU = Debug|Any CPU
		Release|Any CPU = Release|Any CPU
	EndGlobalSection
	GlobalSection(ProjectConfigurationPlatforms) = postSolution
		{FCB7238B-EEA6-4F28-97BE-624E716F0EF5}.Debug|Any CPU.ActiveCfg = Debug|Any CPU
		{FCB7238B-EEA6-4F28-97BE-624E716F0EF5}.Debug|Any CPU.Build.0 = Debug|Any CPU
		{FCB7238B-EEA6-4F28-97BE-624E716F0EF5}.Release|Any CPU.ActiveCfg = Release|Any CPU
		{FCB7238B-EEA6-4F28-97BE-624E716F0EF5}.Release|Any CPU.Build.0 = Release|Any CPU
		{48233D73-B13C-4998-A047-9B9C98DA72ED}.Debug|Any CPU.ActiveCfg = Debug|Any CPU
		{48233D73-B13C-4998-A047-9B9C98DA72ED}.Debug|Any CPU.Build.0 = Debug|Any CPU
		{48233D73-B13C-4998-A047-9B9C98DA72ED}.Debug|Any CPU.Deploy.0 = Debug|Any CPU
		{48233D73-B13C-4998-A047-9B9C98DA72ED}.Release|Any CPU.ActiveCfg = Release|Any CPU
		{48233D73-B13C-4998-A047-9B9C98DA72ED}.Release|Any CPU.Build.0 = Release|Any CPU
		{48233D73-B13C-4998-A047-9B9C98DA72ED}.Release|Any CPU.Deploy.0 = Release|Any CPU
		{983F2B2F-DB21-43E8-B868-8B5BAB8F4346}.Debug|Any CPU.ActiveCfg = Debug|Any CPU
		{983F2B2F-DB21-43E8-B868-8B5BAB8F4346}.Debug|Any CPU.Build.0 = Debug|Any CPU
		{983F2B2F-DB21-43E8-B868-8B5BAB8F4346}.Release|Any CPU.ActiveCfg = Release|Any CPU
		{983F2B2F-DB21-43E8-B868-8B5BAB8F4346}.Release|Any CPU.Build.0 = Release|Any CPU
	EndGlobalSection
	GlobalSection(SolutionProperties) = preSolution
		HideSolutionNode = FALSE
	EndGlobalSection
	GlobalSection(ExtensibilityGlobals) = postSolution
		SolutionGuid = {309A49E3-6274-4DFD-A2C6-8837DDFA90BB}
	EndGlobalSection
EndGlobal
